{
    "name": "divbloxjs-package-generator",
    "version": "1.1.0",
    "lockfileVersion": 2,
    "requires": true,
    "packages": {
        "": {
            "name": "divbloxjs-package-generator",
            "version": "1.1.0",
            "license": "MIT",
            "dependencies": {
                "dx-utilities": "^1.0.0"
            },
            "bin": {
                "divbloxjs-application-generator": "bin/init-package.js"
            }
        },
        "node_modules/dx-utilities": {
            "version": "1.0.2",
            "resolved": "https://registry.npmjs.org/dx-utilities/-/dx-utilities-1.0.2.tgz",
            "integrity": "sha512-RT4PxQHLD9FXn1wLeeqkBg728Dtjd1gthk4Q0BQHp1oF9YOKq///hpv4nNvJowvQF4z/6a0fYv9c79W84Ih3/A=="
        }
    },
    "dependencies": {
        "dx-utilities": {
            "version": "1.0.2",
            "resolved": "https://registry.npmjs.org/dx-utilities/-/dx-utilities-1.0.2.tgz",
            "integrity": "sha512-RT4PxQHLD9FXn1wLeeqkBg728Dtjd1gthk4Q0BQHp1oF9YOKq///hpv4nNvJowvQF4z/6a0fYv9c79W84Ih3/A=="
        }
    }
}
