{
  "name": "divbloxjs-package-generator",
  "version": "1.0.0",
  "lockfileVersion": 2,
  "requires": true,
  "packages": {
    "": {
      "name": "divbloxjs-package-generator",
      "version": "1.0.0",
      "license": "MIT",
      "dependencies": {
        "dx-utils": "github:divbloxjs/dx-utils"
      },
      "bin": {
        "divbloxjs-application-generator": "bin/init-package.js"
      }
    },
    "node_modules/dx-utils": {
      "version": "1.0.0",
      "resolved": "git+ssh://git@github.com/divbloxjs/dx-utils.git#473634e6a04736d33523dd1a6c8f54463926ad81",
      "license": "MIT"
    }
  },
  "dependencies": {
    "dx-utils": {
      "version": "git+ssh://git@github.com/divbloxjs/dx-utils.git#473634e6a04736d33523dd1a6c8f54463926ad81",
      "from": "dx-utils@github:divbloxjs/dx-utils"
    }
  }
}
