{
    "name": "divbloxjs-package-generator",
    "version": "1.0.6",
    "lockfileVersion": 2,
    "requires": true,
    "packages": {
        "": {
            "name": "divbloxjs-package-generator",
            "version": "1.0.6",
            "license": "MIT",
            "dependencies": {
                "dx-utilities": "^1.0.0"
            },
            "bin": {
                "divbloxjs-application-generator": "bin/init-package.js"
            }
        },
        "node_modules/dx-utilities": {
            "version": "1.0.0",
            "resolved": "https://registry.npmjs.org/dx-utilities/-/dx-utilities-1.0.0.tgz",
            "integrity": "sha512-nwD+eYRTeh4PnYmEQunAKAR//Ceb6XbrDqIHXdbz2GxEOoDGlIk3dAO6sd5JvFMo9x97Qv3/Vtb4Ze7DZh8SMw=="
        }
    },
    "dependencies": {
        "dx-utilities": {
            "version": "1.0.0",
            "resolved": "https://registry.npmjs.org/dx-utilities/-/dx-utilities-1.0.0.tgz",
            "integrity": "sha512-nwD+eYRTeh4PnYmEQunAKAR//Ceb6XbrDqIHXdbz2GxEOoDGlIk3dAO6sd5JvFMo9x97Qv3/Vtb4Ze7DZh8SMw=="
        }
    }
}
